// !$*UTF8*$!
{
	archiveVersion = 1;
	classes = {
	};
	objectVersion = 77;
	objects = {

/* Begin PBXContainerItemProxy section */
		E5FBB0A12E7C8F8F00C744F5 /* PBXContainerItemProxy */ = {
			isa = PBXContainerItemProxy;
			containerPortal = E5FBB0892E7C8F8D00C744F5 /* Project object */;
			proxyType = 1;
			remoteGlobalIDString = E5FBB0902E7C8F8D00C744F5;
			remoteInfo = PasshavenApp;
		};
		E5FBB0AB2E7C8F8F00C744F5 /* PBXContainerItemProxy */ = {
			isa = PBXContainerItemProxy;
			containerPortal = E5FBB0892E7C8F8D00C744F5 /* Project object */;
			proxyType = 1;
			remoteGlobalIDString = E5FBB0902E7C8F8D00C744F5;
			remoteInfo = PasshavenApp;
		};
/* End PBXContainerItemProxy section */

/* Begin PBXFileReference section */
		E5FBB0912E7C8F8D00C744F5 /* PasshavenApp.app */ = {isa = PBXFileReference; explicitFileType = wrapper.application; includeInIndex = 0; path = PasshavenApp.app; sourceTree = BUILT_PRODUCTS_DIR; };
		E5FBB0A02E7C8F8F00C744F5 /* PasshavenAppTests.xctest */ = {isa = PBXFileReference; explicitFileType = wrapper.cfbundle; includeInIndex = 0; path = PasshavenAppTests.xctest; sourceTree = BUILT_PRODUCTS_DIR; };
		E5FBB0AA2E7C8F8F00C744F5 /* PasshavenAppUITests.xctest */ = {isa = PBXFileReference; explicitFileType = wrapper.cfbundle; includeInIndex = 0; path = PasshavenAppUITests.xctest; sourceTree = BUILT_PRODUCTS_DIR; };
/* End PBXFileReference section */

/* Begin PBXFileSystemSynchronizedRootGroup section */
		E5FBB0932E7C8F8D00C744F5 /* PasshavenApp */ = {
			isa = PBXFileSystemSynchronizedRootGroup;
			path = PasshavenApp;
			sourceTree = "<group>";
		};
		E5FBB0A32E7C8F8F00C744F5 /* PasshavenAppTests */ = {
			isa = PBXFileSystemSynchronizedRootGroup;
			path = PasshavenAppTests;
			sourceTree = "<group>";
		};
		E5FBB0AD2E7C8F8F00C744F5 /* PasshavenAppUITests */ = {
			isa = PBXFileSystemSynchronizedRootGroup;
			path = PasshavenAppUITests;
			sourceTree = "<group>";
		};
/* End PBXFileSystemSynchronizedRootGroup section */

/* Begin PBXFrameworksBuildPhase section */
		E5FBB08E2E7C8F8D00C744F5 /* Frameworks */ = {
			isa = PBXFrameworksBuildPhase;
			buildActionMask = 2147483647;
			files = (
			);
			runOnlyForDeploymentPostprocessing = 0;
		};
		E5FBB09D2E7C8F8F00C744F5 /* Frameworks */ = {
			isa = PBXFrameworksBuildPhase;
			buildActionMask = 2147483647;
			files = (
			);
			runOnlyForDeploymentPostprocessing = 0;
		};
		E5FBB0A72E7C8F8F00C744F5 /* Frameworks */ = {
			isa = PBXFrameworksBuildPhase;
			buildActionMask = 2147483647;
			files = (
			);
			runOnlyForDeploymentPostprocessing = 0;
		};
/* End PBXFrameworksBuildPhase section */

/* Begin PBXGroup section */
		E5FBB0882E7C8F8D00C744F5 = {
			isa = PBXGroup;
			children = (
				E5FBB0932E7C8F8D00C744F5 /* PasshavenApp */,
				E5FBB0A32E7C8F8F00C744F5 /* PasshavenAppTests */,
				E5FBB0AD2E7C8F8F00C744F5 /* PasshavenAppUITests */,
				E5FBB0922E7C8F8D00C744F5 /* Products */,
			);
			sourceTree = "<group>";
		};
		E5FBB0922E7C8F8D00C744F5 /* Products */ = {
			isa = PBXGroup;
			children = (
				E5FBB0912E7C8F8D00C744F5 /* PasshavenApp.app */,
				E5FBB0A02E7C8F8F00C744F5 /* PasshavenAppTests.xctest */,
				E5FBB0AA2E7C8F8F00C744F5 /* PasshavenAppUITests.xctest */,
			);
			name = Products;
			sourceTree = "<group>";
		};
/* End PBXGroup section */

/* Begin PBXNativeTarget section */
		E5FBB0902E7C8F8D00C744F5 /* PasshavenApp */ = {
			isa = PBXNativeTarget;
			buildConfigurationList = E5FBB0B42E7C8F8F00C744F5 /* Build configuration list for PBXNativeTarget "PasshavenApp" */;
			buildPhases = (
				E5FBB08D2E7C8F8D00C744F5 /* Sources */,
				E5FBB08E2E7C8F8D00C744F5 /* Frameworks */,
				E5FBB08F2E7C8F8D00C744F5 /* Resources */,
			);
			buildRules = (
			);
			dependencies = (
			);
			fileSystemSynchronizedGroups = (
				E5FBB0932E7C8F8D00C744F5 /* PasshavenApp */,
			);
			name = PasshavenApp;
			packageProductDependencies = (
			);
			productName = PasshavenApp;
			productReference = E5FBB0912E7C8F8D00C744F5 /* PasshavenApp.app */;
			productType = "com.apple.product-type.application";
		};
		E5FBB09F2E7C8F8F00C744F5 /* PasshavenAppTests */ = {
			isa = PBXNativeTarget;
			buildConfigurationList = E5FBB0B72E7C8F8F00C744F5 /* Build configuration list for PBXNativeTarget "PasshavenAppTests" */;
			buildPhases = (
				E5FBB09C2E7C8F8F00C744F5 /* Sources */,
				E5FBB09D2E7C8F8F00C744F5 /* Frameworks */,
				E5FBB09E2E7C8F8F00C744F5 /* Resources */,
			);
			buildRules = (
			);
			dependencies = (
				E5FBB0A22E7C8F8F00C744F5 /* PBXTargetDependency */,
			);
			fileSystemSynchronizedGroups = (
				E5FBB0A32E7C8F8F00C744F5 /* PasshavenAppTests */,
			);
			name = PasshavenAppTests;
			packageProductDependencies = (
			);
			productName = PasshavenAppTests;
			productReference = E5FBB0A02E7C8F8F00C744F5 /* PasshavenAppTests.xctest */;
			productType = "com.apple.product-type.bundle.unit-test";
		};
		E5FBB0A92E7C8F8F00C744F5 /* PasshavenAppUITests */ = {
			isa = PBXNativeTarget;
			buildConfigurationList = E5FBB0BA2E7C8F8F00C744F5 /* Build configuration list for PBXNativeTarget "PasshavenAppUITests" */;
			buildPhases = (
				E5FBB0A62E7C8F8F00C744F5 /* Sources */,
				E5FBB0A72E7C8F8F00C744F5 /* Frameworks */,
				E5FBB0A82E7C8F8F00C744F5 /* Resources */,
			);
			buildRules = (
			);
			dependencies = (
				E5FBB0AC2E7C8F8F00C744F5 /* PBXTargetDependency */,
			);
			fileSystemSynchronizedGroups = (
				E5FBB0AD2E7C8F8F00C744F5 /* PasshavenAppUITests */,
			);
			name = PasshavenAppUITests;
			packageProductDependencies = (
			);
			productName = PasshavenAppUITests;
			productReference = E5FBB0AA2E7C8F8F00C744F5 /* PasshavenAppUITests.xctest */;
			productType = "com.apple.product-type.bundle.ui-testing";
		};
/* End PBXNativeTarget section */

/* Begin PBXProject section */
		E5FBB0892E7C8F8D00C744F5 /* Project object */ = {
			isa = PBXProject;
			attributes = {
				BuildIndependentTargetsInParallel = 1;
				LastSwiftUpdateCheck = 1640;
				LastUpgradeCheck = 1640;
				TargetAttributes = {
					E5FBB0902E7C8F8D00C744F5 = {
						CreatedOnToolsVersion = 16.4;
					};
					E5FBB09F2E7C8F8F00C744F5 = {
						CreatedOnToolsVersion = 16.4;
						TestTargetID = E5FBB0902E7C8F8D00C744F5;
					};
					E5FBB0A92E7C8F8F00C744F5 = {
						CreatedOnToolsVersion = 16.4;
						TestTargetID = E5FBB0902E7C8F8D00C744F5;
					};
				};
			};
			buildConfigurationList = E5FBB08C2E7C8F8D00C744F5 /* Build configuration list for PBXProject "PasshavenApp" */;
			developmentRegion = en;
			hasScannedForEncodings = 0;
			knownRegions = (
				en,
				Base,
			);
			mainGroup = E5FBB0882E7C8F8D00C744F5;
			minimizedProjectReferenceProxies = 1;
			preferredProjectObjectVersion = 77;
			productRefGroup = E5FBB0922E7C8F8D00C744F5 /* Products */;
			projectDirPath = "";
			projectRoot = "";
			targets = (
				E5FBB0902E7C8F8D00C744F5 /* PasshavenApp */,
				E5FBB09F2E7C8F8F00C744F5 /* PasshavenAppTests */,
				E5FBB0A92E7C8F8F00C744F5 /* PasshavenAppUITests */,
			);
		};
/* End PBXProject section */

/* Begin PBXResourcesBuildPhase section */
		E5FBB08F2E7C8F8D00C744F5 /* Resources */ = {
			isa = PBXResourcesBuildPhase;
			buildActionMask = 2147483647;
			files = (
			);
			runOnlyForDeploymentPostprocessing = 0;
		};
		E5FBB09E2E7C8F8F00C744F5 /* Resources */ = {
			isa = PBXResourcesBuildPhase;
			buildActionMask = 2147483647;
			files = (
			);
			runOnlyForDeploymentPostprocessing = 0;
		};
		E5FBB0A82E7C8F8F00C744F5 /* Resources */ = {
			isa = PBXResourcesBuildPhase;
			buildActionMask = 2147483647;
			files = (
			);
			runOnlyForDeploymentPostprocessing = 0;
		};
/* End PBXResourcesBuildPhase section */

/* Begin PBXSourcesBuildPhase section */
		E5FBB08D2E7C8F8D00C744F5 /* Sources */ = {
			isa = PBXSourcesBuildPhase;
			buildActionMask = 2147483647;
			files = (
			);
			runOnlyForDeploymentPostprocessing = 0;
		};
		E5FBB09C2E7C8F8F00C744F5 /* Sources */ = {
			isa = PBXSourcesBuildPhase;
			buildActionMask = 2147483647;
			files = (
			);
			runOnlyForDeploymentPostprocessing = 0;
		};
		E5FBB0A62E7C8F8F00C744F5 /* Sources */ = {
			isa = PBXSourcesBuildPhase;
			buildActionMask = 2147483647;
			files = (
			);
			runOnlyForDeploymentPostprocessing = 0;
		};
/* End PBXSourcesBuildPhase section */

/* Begin PBXTargetDependency section */
		E5FBB0A22E7C8F8F00C744F5 /* PBXTargetDependency */ = {
			isa = PBXTargetDependency;
			target = E5FBB0902E7C8F8D00C744F5 /* PasshavenApp */;
			targetProxy = E5FBB0A12E7C8F8F00C744F5 /* PBXContainerItemProxy */;
		};
		E5FBB0AC2E7C8F8F00C744F5 /* PBXTargetDependency */ = {
			isa = PBXTargetDependency;
			target = E5FBB0902E7C8F8D00C744F5 /* PasshavenApp */;
			targetProxy = E5FBB0AB2E7C8F8F00C744F5 /* PBXContainerItemProxy */;
		};
/* End PBXTargetDependency section */

/* Begin XCBuildConfiguration section */
		E5FBB0B22E7C8F8F00C744F5 /* Debug */ = {
			isa = XCBuildConfiguration;
			buildSettings = {
				ALWAYS_SEARCH_USER_PATHS = NO;
				ASSETCATALOG_COMPILER_GENERATE_SWIFT_ASSET_SYMBOL_EXTENSIONS = YES;
				CLANG_ANALYZER_NONNULL = YES;
				CLANG_ANALYZER_NUMBER_OBJECT_CONVERSION = YES_AGGRESSIVE;
				CLANG_CXX_LANGUAGE_STANDARD = "gnu++20";
				CLANG_ENABLE_MODULES = YES;
				CLANG_ENABLE_OBJC_ARC = YES;
				CLANG_ENABLE_OBJC_WEAK = YES;
				CLANG_WARN_BLOCK_CAPTURE_AUTORELEASING = YES;
				CLANG_WARN_BOOL_CONVERSION = YES;
				CLANG_WARN_COMMA = YES;
				CLANG_WARN_CONSTANT_CONVERSION = YES;
				CLANG_WARN_DEPRECATED_OBJC_IMPLEMENTATIONS = YES;
				CLANG_WARN_DIRECT_OBJC_ISA_USAGE = YES_ERROR;
				CLANG_WARN_DOCUMENTATION_COMMENTS = YES;
				CLANG_WARN_EMPTY_BODY = YES;
				CLANG_WARN_ENUM_CONVERSION = YES;
				CLANG_WARN_INFINITE_RECURSION = YES;
				CLANG_WARN_INT_CONVERSION = YES;
				CLANG_WARN_NON_LITERAL_NULL_CONVERSION = YES;
				CLANG_WARN_OBJC_IMPLICIT_RETAIN_SELF = YES;
				CLANG_WARN_OBJC_LITERAL_CONVERSION = YES;
				CLANG_WARN_OBJC_ROOT_CLASS = YES_ERROR;
				CLANG_WARN_QUOTED_INCLUDE_IN_FRAMEWORK_HEADER = YES;
				CLANG_WARN_RANGE_LOOP_ANALYSIS = YES;
				CLANG_WARN_STRICT_PROTOTYPES = YES;
				CLANG_WARN_SUSPICIOUS_MOVE = YES;
				CLANG_WARN_UNGUARDED_AVAILABILITY = YES_AGGRESSIVE;
				CLANG_WARN_UNREACHABLE_CODE = YES;
				CLANG_WARN__DUPLICATE_METHOD_MATCH = YES;
				COPY_PHASE_STRIP = NO;
				DEBUG_INFORMATION_FORMAT = dwarf;
				ENABLE_STRICT_OBJC_MSGSEND = YES;
				ENABLE_TESTABILITY = YES;
				ENABLE_USER_SCRIPT_SANDBOXING = YES;
				GCC_C_LANGUAGE_STANDARD = gnu17;
				GCC_DYNAMIC_NO_PIC = NO;
				GCC_NO_COMMON_BLOCKS = YES;
				GCC_OPTIMIZATION_LEVEL = 0;
				GCC_PREPROCESSOR_DEFINITIONS = (
					"DEBUG=1",
					"$(inherited)",
				);
				GCC_WARN_64_TO_32_BIT_CONVERSION = YES;
				GCC_WARN_ABOUT_RETURN_TYPE = YES_ERROR;
				GCC_WARN_UNDECLARED_SELECTOR = YES;
				GCC_WARN_UNINITIALIZED_AUTOS = YES_AGGRESSIVE;
				GCC_WARN_UNUSED_FUNCTION = YES;
				GCC_WARN_UNUSED_VARIABLE = YES;
				IPHONEOS_DEPLOYMENT_TARGET = 18.5;
				LOCALIZATION_PREFERS_STRING_CATALOGS = YES;
				MTL_ENABLE_DEBUG_INFO = INCLUDE_SOURCE;
				MTL_FAST_MATH = YES;
				ONLY_ACTIVE_ARCH = YES;
				SDKROOT = iphoneos;
				SWIFT_ACTIVE_COMPILATION_CONDITIONS = "DEBUG $(inherited)";
				SWIFT_OPTIMIZATION_LEVEL = "-Onone";
			};
			name = Debug;
		};
		E5FBB0B32E7C8F8F00C744F5 /* Release */ = {
			isa = XCBuildConfiguration;
			buildSettings = {
				ALWAYS_SEARCH_USER_PATHS = NO;
				ASSETCATALOG_COMPILER_GENERATE_SWIFT_ASSET_SYMBOL_EXTENSIONS = YES;
				CLANG_ANALYZER_NONNULL = YES;
				CLANG_ANALYZER_NUMBER_OBJECT_CONVERSION = YES_AGGRESSIVE;
				CLANG_CXX_LANGUAGE_STANDARD = "gnu++20";
				CLANG_ENABLE_MODULES = YES;
				CLANG_ENABLE_OBJC_ARC = YES;
				CLANG_ENABLE_OBJC_WEAK = YES;
				CLANG_WARN_BLOCK_CAPTURE_AUTORELEASING = YES;
				CLANG_WARN_BOOL_CONVERSION = YES;
				CLANG_WARN_COMMA = YES;
				CLANG_WARN_CONSTANT_CONVERSION = YES;
				CLANG_WARN_DEPRECATED_OBJC_IMPLEMENTATIONS = YES;
				CLANG_WARN_DIRECT_OBJC_ISA_USAGE = YES_ERROR;
				CLANG_WARN_DOCUMENTATION_COMMENTS = YES;
				CLANG_WARN_EMPTY_BODY = YES;
				CLANG_WARN_ENUM_CONVERSION = YES;
				CLANG_WARN_INFINITE_RECURSION = YES;
				CLANG_WARN_INT_CONVERSION = YES;
				CLANG_WARN_NON_LITERAL_NULL_CONVERSION = YES;
				CLANG_WARN_OBJC_IMPLICIT_RETAIN_SELF = YES;
				CLANG_WARN_OBJC_LITERAL_CONVERSION = YES;
				CLANG_WARN_OBJC_ROOT_CLASS = YES_ERROR;
				CLANG_WARN_QUOTED_INCLUDE_IN_FRAMEWORK_HEADER = YES;
				CLANG_WARN_RANGE_LOOP_ANALYSIS = YES;
				CLANG_WARN_STRICT_PROTOTYPES = YES;
				CLANG_WARN_SUSPICIOUS_MOVE = YES;
				CLANG_WARN_UNGUARDED_AVAILABILITY = YES_AGGRESSIVE;
				CLANG_WARN_UNREACHABLE_CODE = YES;
				CLANG_WARN__DUPLICATE_METHOD_MATCH = YES;
				COPY_PHASE_STRIP = NO;
				DEBUG_INFORMATION_FORMAT = "dwarf-with-dsym";
				ENABLE_NS_ASSERTIONS = NO;
				ENABLE_STRICT_OBJC_MSGSEND = YES;
				ENABLE_USER_SCRIPT_SANDBOXING = YES;
				GCC_C_LANGUAGE_STANDARD = gnu17;
				GCC_NO_COMMON_BLOCKS = YES;
				GCC_WARN_64_TO_32_BIT_CONVERSION = YES;
				GCC_WARN_ABOUT_RETURN_TYPE = YES_ERROR;
				GCC_WARN_UNDECLARED_SELECTOR = YES;
				GCC_WARN_UNINITIALIZED_AUTOS = YES_AGGRESSIVE;
				GCC_WARN_UNUSED_FUNCTION = YES;
				GCC_WARN_UNUSED_VARIABLE = YES;
				IPHONEOS_DEPLOYMENT_TARGET = 18.5;
				LOCALIZATION_PREFERS_STRING_CATALOGS = YES;
				MTL_ENABLE_DEBUG_INFO = NO;
				MTL_FAST_MATH = YES;
				SDKROOT = iphoneos;
				SWIFT_COMPILATION_MODE = wholemodule;
				VALIDATE_PRODUCT = YES;
			};
			name = Release;
		};
		E5FBB0B52E7C8F8F00C744F5 /* Debug */ = {
			isa = XCBuildConfiguration;
			buildSettings = {
				ASSETCATALOG_COMPILER_APPICON_NAME = AppIcon;
				ASSETCATALOG_COMPILER_GLOBAL_ACCENT_COLOR_NAME = AccentColor;
				CODE_SIGN_STYLE = Automatic;
				CURRENT_PROJECT_VERSION = 1;
				ENABLE_PREVIEWS = YES;
				GENERATE_INFOPLIST_FILE = YES;
				INFOPLIST_KEY_UIApplicationSceneManifest_Generation = YES;
				INFOPLIST_KEY_UIApplicationSupportsIndirectInputEvents = YES;
				INFOPLIST_KEY_UILaunchScreen_Generation = YES;
				INFOPLIST_KEY_UISupportedInterfaceOrientations_iPad = "UIInterfaceOrientationPortrait UIInterfaceOrientationPortraitUpsideDown UIInterfaceOrientationLandscapeLeft UIInterfaceOrientationLandscapeRight";
				INFOPLIST_KEY_UISupportedInterfaceOrientations_iPhone = "UIInterfaceOrientationPortrait UIInterfaceOrientationLandscapeLeft UIInterfaceOrientationLandscapeRight";
				LD_RUNPATH_SEARCH_PATHS = (
					"$(inherited)",
					"@executable_path/Frameworks",
				);
				MARKETING_VERSION = 1.0;
				PRODUCT_BUNDLE_IDENTIFIER = ru.ztrixdev.projects.PasshavenApp;
				PRODUCT_NAME = "$(TARGET_NAME)";
				SWIFT_EMIT_LOC_STRINGS = YES;
				SWIFT_VERSION = 5.0;
				TARGETED_DEVICE_FAMILY = "1,2";
			};
			name = Debug;
		};
		E5FBB0B62E7C8F8F00C744F5 /* Release */ = {
			isa = XCBuildConfiguration;
			buildSettings = {
				ASSETCATALOG_COMPILER_APPICON_NAME = AppIcon;
				ASSETCATALOG_COMPILER_GLOBAL_ACCENT_COLOR_NAME = AccentColor;
				CODE_SIGN_STYLE = Automatic;
				CURRENT_PROJECT_VERSION = 1;
				ENABLE_PREVIEWS = YES;
				GENERATE_INFOPLIST_FILE = YES;
				INFOPLIST_KEY_UIApplicationSceneManifest_Generation = YES;
				INFOPLIST_KEY_UIApplicationSupportsIndirectInputEvents = YES;
				INFOPLIST_KEY_UILaunchScreen_Generation = YES;
				INFOPLIST_KEY_UISupportedInterfaceOrientations_iPad = "UIInterfaceOrientationPortrait UIInterfaceOrientationPortraitUpsideDown UIInterfaceOrientationLandscapeLeft UIInterfaceOrientationLandscapeRight";
				INFOPLIST_KEY_UISupportedInterfaceOrientations_iPhone = "UIInterfaceOrientationPortrait UIInterfaceOrientationLandscapeLeft UIInterfaceOrientationLandscapeRight";
				LD_RUNPATH_SEARCH_PATHS = (
					"$(inherited)",
					"@executable_path/Frameworks",
				);
				MARKETING_VERSION = 1.0;
				PRODUCT_BUNDLE_IDENTIFIER = ru.ztrixdev.projects.PasshavenApp;
				PRODUCT_NAME = "$(TARGET_NAME)";
				SWIFT_EMIT_LOC_STRINGS = YES;
				SWIFT_VERSION = 5.0;
				TARGETED_DEVICE_FAMILY = "1,2";
			};
			name = Release;
		};
		E5FBB0B82E7C8F8F00C744F5 /* Debug */ = {
			isa = XCBuildConfiguration;
			buildSettings = {
				BUNDLE_LOADER = "$(TEST_HOST)";
				CODE_SIGN_STYLE = Automatic;
				CURRENT_PROJECT_VERSION = 1;
				GENERATE_INFOPLIST_FILE = YES;
				IPHONEOS_DEPLOYMENT_TARGET = 18.5;
				MARKETING_VERSION = 1.0;
				PRODUCT_BUNDLE_IDENTIFIER = ru.ztrixdev.projects.PasshavenAppTests;
				PRODUCT_NAME = "$(TARGET_NAME)";
				SWIFT_EMIT_LOC_STRINGS = NO;
				SWIFT_VERSION = 5.0;
				TARGETED_DEVICE_FAMILY = "1,2";
				TEST_HOST = "$(BUILT_PRODUCTS_DIR)/PasshavenApp.app/$(BUNDLE_EXECUTABLE_FOLDER_PATH)/PasshavenApp";
			};
			name = Debug;
		};
		E5FBB0B92E7C8F8F00C744F5 /* Release */ = {
			isa = XCBuildConfiguration;
			buildSettings = {
				BUNDLE_LOADER = "$(TEST_HOST)";
				CODE_SIGN_STYLE = Automatic;
				CURRENT_PROJECT_VERSION = 1;
				GENERATE_INFOPLIST_FILE = YES;
				IPHONEOS_DEPLOYMENT_TARGET = 18.5;
				MARKETING_VERSION = 1.0;
				PRODUCT_BUNDLE_IDENTIFIER = ru.ztrixdev.projects.PasshavenAppTests;
				PRODUCT_NAME = "$(TARGET_NAME)";
				SWIFT_EMIT_LOC_STRINGS = NO;
				SWIFT_VERSION = 5.0;
				TARGETED_DEVICE_FAMILY = "1,2";
				TEST_HOST = "$(BUILT_PRODUCTS_DIR)/PasshavenApp.app/$(BUNDLE_EXECUTABLE_FOLDER_PATH)/PasshavenApp";
			};
			name = Release;
		};
		E5FBB0BB2E7C8F8F00C744F5 /* Debug */ = {
			isa = XCBuildConfiguration;
			buildSettings = {
				CODE_SIGN_STYLE = Automatic;
				CURRENT_PROJECT_VERSION = 1;
				GENERATE_INFOPLIST_FILE = YES;
				MARKETING_VERSION = 1.0;
				PRODUCT_BUNDLE_IDENTIFIER = ru.ztrixdev.projects.PasshavenAppUITests;
				PRODUCT_NAME = "$(TARGET_NAME)";
				SWIFT_EMIT_LOC_STRINGS = NO;
				SWIFT_VERSION = 5.0;
				TARGETED_DEVICE_FAMILY = "1,2";
				TEST_TARGET_NAME = PasshavenApp;
			};
			name = Debug;
		};
		E5FBB0BC2E7C8F8F00C744F5 /* Release */ = {
			isa = XCBuildConfiguration;
			buildSettings = {
				CODE_SIGN_STYLE = Automatic;
				CURRENT_PROJECT_VERSION = 1;
				GENERATE_INFOPLIST_FILE = YES;
				MARKETING_VERSION = 1.0;
				PRODUCT_BUNDLE_IDENTIFIER = ru.ztrixdev.projects.PasshavenAppUITests;
				PRODUCT_NAME = "$(TARGET_NAME)";
				SWIFT_EMIT_LOC_STRINGS = NO;
				SWIFT_VERSION = 5.0;
				TARGETED_DEVICE_FAMILY = "1,2";
				TEST_TARGET_NAME = PasshavenApp;
			};
			name = Release;
		};
/* End XCBuildConfiguration section */

/* Begin XCConfigurationList section */
		E5FBB08C2E7C8F8D00C744F5 /* Build configuration list for PBXProject "PasshavenApp" */ = {
			isa = XCConfigurationList;
			buildConfigurations = (
				E5FBB0B22E7C8F8F00C744F5 /* Debug */,
				E5FBB0B32E7C8F8F00C744F5 /* Release */,
			);
			defaultConfigurationIsVisible = 0;
			defaultConfigurationName = Release;
		};
		E5FBB0B42E7C8F8F00C744F5 /* Build configuration list for PBXNativeTarget "PasshavenApp" */ = {
			isa = XCConfigurationList;
			buildConfigurations = (
				E5FBB0B52E7C8F8F00C744F5 /* Debug */,
				E5FBB0B62E7C8F8F00C744F5 /* Release */,
			);
			defaultConfigurationIsVisible = 0;
			defaultConfigurationName = Release;
		};
		E5FBB0B72E7C8F8F00C744F5 /* Build configuration list for PBXNativeTarget "PasshavenAppTests" */ = {
			isa = XCConfigurationList;
			buildConfigurations = (
				E5FBB0B82E7C8F8F00C744F5 /* Debug */,
				E5FBB0B92E7C8F8F00C744F5 /* Release */,
			);
			defaultConfigurationIsVisible = 0;
			defaultConfigurationName = Release;
		};
		E5FBB0BA2E7C8F8F00C744F5 /* Build configuration list for PBXNativeTarget "PasshavenAppUITests" */ = {
			isa = XCConfigurationList;
			buildConfigurations = (
				E5FBB0BB2E7C8F8F00C744F5 /* Debug */,
				E5FBB0BC2E7C8F8F00C744F5 /* Release */,
			);
			defaultConfigurationIsVisible = 0;
			defaultConfigurationName = Release;
		};
/* End XCConfigurationList section */
	};
	rootObject = E5FBB0892E7C8F8D00C744F5 /* Project object */;
}
